// !$*UTF8*$!
{
	archiveVersion = 1;
	classes = {
	};
	objectVersion = 46;
	objects = {

/* Begin PBXBuildFile section */
		790CE85C1AFB2306007EF8B1 /* AppDelegate.swift in Sources */ = {isa = PBXBuildFile; fileRef = 790CE85B1AFB2306007EF8B1 /* AppDelegate.swift */; };
		790CE85E1AFB2306007EF8B1 /* ViewController.swift in Sources */ = {isa = PBXBuildFile; fileRef = 790CE85D1AFB2306007EF8B1 /* ViewController.swift */; };
		790CE8611AFB2306007EF8B1 /* Main.storyboard in Resources */ = {isa = PBXBuildFile; fileRef = 790CE85F1AFB2306007EF8B1 /* Main.storyboard */; };
		790CE8631AFB2306007EF8B1 /* Images.xcassets in Resources */ = {isa = PBXBuildFile; fileRef = 790CE8621AFB2306007EF8B1 /* Images.xcassets */; };
		790CE87C1AFB232B007EF8B1 /* OpenInChromeController.swift in Sources */ = {isa = PBXBuildFile; fileRef = 790CE87B1AFB232B007EF8B1 /* OpenInChromeController.swift */; };
/* End PBXBuildFile section */

/* Begin PBXFileReference section */
		790CE8561AFB2306007EF8B1 /* OpenInChromeSwiftSample.app */ = {isa = PBXFileReference; explicitFileType = wrapper.application; includeInIndex = 0; path = OpenInChromeSwiftSample.app; sourceTree = BUILT_PRODUCTS_DIR; };
		790CE85A1AFB2306007EF8B1 /* Info.plist */ = {isa = PBXFileReference; lastKnownFileType = text.plist.xml; path = Info.plist; sourceTree = "<group>"; };
		790CE85B1AFB2306007EF8B1 /* AppDelegate.swift */ = {isa = PBXFileReference; lastKnownFileType = sourcecode.swift; path = AppDelegate.swift; sourceTree = "<group>"; };
		790CE85D1AFB2306007EF8B1 /* ViewController.swift */ = {isa = PBXFileReference; lastKnownFileType = sourcecode.swift; path = ViewController.swift; sourceTree = "<group>"; };
		790CE8601AFB2306007EF8B1 /* Base */ = {isa = PBXFileReference; lastKnownFileType = file.storyboard; name = Base; path = Base.lproj/Main.storyboard; sourceTree = "<group>"; };
		790CE8621AFB2306007EF8B1 /* Images.xcassets */ = {isa = PBXFileReference; lastKnownFileType = folder.assetcatalog; path = Images.xcassets; sourceTree = "<group>"; };
		790CE87B1AFB232B007EF8B1 /* OpenInChromeController.swift */ = {isa = PBXFileReference; fileEncoding = 4; lastKnownFileType = sourcecode.swift; path = OpenInChromeController.swift; sourceTree = "<group>"; };
/* End PBXFileReference section */

/* Begin PBXFrameworksBuildPhase section */
		790CE8531AFB2306007EF8B1 /* Frameworks */ = {
			isa = PBXFrameworksBuildPhase;
			buildActionMask = 2147483647;
			files = (
			);
			runOnlyForDeploymentPostprocessing = 0;
		};
/* End PBXFrameworksBuildPhase section */

/* Begin PBXGroup section */
		790CE84D1AFB2306007EF8B1 = {
			isa = PBXGroup;
			children = (
				790CE87B1AFB232B007EF8B1 /* OpenInChromeController.swift */,
				790CE8581AFB2306007EF8B1 /* OpenInChromeSwiftSample */,
				790CE8571AFB2306007EF8B1 /* Products */,
			);
			sourceTree = "<group>";
		};
		790CE8571AFB2306007EF8B1 /* Products */ = {
			isa = PBXGroup;
			children = (
				790CE8561AFB2306007EF8B1 /* OpenInChromeSwiftSample.app */,
			);
			name = Products;
			sourceTree = "<group>";
		};
		790CE8581AFB2306007EF8B1 /* OpenInChromeSwiftSample */ = {
			isa = PBXGroup;
			children = (
				790CE85B1AFB2306007EF8B1 /* AppDelegate.swift */,
				790CE85D1AFB2306007EF8B1 /* ViewController.swift */,
				790CE85F1AFB2306007EF8B1 /* Main.storyboard */,
				790CE8621AFB2306007EF8B1 /* Images.xcassets */,
				790CE8591AFB2306007EF8B1 /* Supporting Files */,
			);
			path = OpenInChromeSwiftSample;
			sourceTree = "<group>";
		};
		790CE8591AFB2306007EF8B1 /* Supporting Files */ = {
			isa = PBXGroup;
			children = (
				790CE85A1AFB2306007EF8B1 /* Info.plist */,
			);
			name = "Supporting Files";
			sourceTree = "<group>";
		};
/* End PBXGroup section */

/* Begin PBXNativeTarget section */
		790CE8551AFB2306007EF8B1 /* OpenInChromeSwiftSample */ = {
			isa = PBXNativeTarget;
			buildConfigurationList = 790CE8751AFB2306007EF8B1 /* Build configuration list for PBXNativeTarget "OpenInChromeSwiftSample" */;
			buildPhases = (
				790CE8521AFB2306007EF8B1 /* Sources */,
				790CE8531AFB2306007EF8B1 /* Frameworks */,
				790CE8541AFB2306007EF8B1 /* Resources */,
			);
			buildRules = (
			);
			dependencies = (
			);
			name = OpenInChromeSwiftSample;
			productName = OpenInChromeSwiftSample;
			productReference = 790CE8561AFB2306007EF8B1 /* OpenInChromeSwiftSample.app */;
			productType = "com.apple.product-type.application";
		};
/* End PBXNativeTarget section */

/* Begin PBXProject section */
		790CE84E1AFB2306007EF8B1 /* Project object */ = {
			isa = PBXProject;
			attributes = {
				LastSwiftUpdateCheck = 0700;
				LastUpgradeCheck = 0700;
				ORGANIZATIONNAME = "Ce Zheng";
				TargetAttributes = {
					790CE8551AFB2306007EF8B1 = {
						CreatedOnToolsVersion = 6.3;
					};
				};
			};
			buildConfigurationList = 790CE8511AFB2306007EF8B1 /* Build configuration list for PBXProject "OpenInChromeSwiftSample" */;
			compatibilityVersion = "Xcode 3.2";
			developmentRegion = English;
			hasScannedForEncodings = 0;
			knownRegions = (
				en,
				Base,
			);
			mainGroup = 790CE84D1AFB2306007EF8B1;
			productRefGroup = 790CE8571AFB2306007EF8B1 /* Products */;
			projectDirPath = "";
			projectRoot = "";
			targets = (
				790CE8551AFB2306007EF8B1 /* OpenInChromeSwiftSample */,
			);
		};
/* End PBXProject section */

/* Begin PBXResourcesBuildPhase section */
		790CE8541AFB2306007EF8B1 /* Resources */ = {
			isa = PBXResourcesBuildPhase;
			buildActionMask = 2147483647;
			files = (
				790CE8611AFB2306007EF8B1 /* Main.storyboard in Resources */,
				790CE8631AFB2306007EF8B1 /* Images.xcassets in Resources */,
			);
			runOnlyForDeploymentPostprocessing = 0;
		};
/* End PBXResourcesBuildPhase section */

/* Begin PBXSourcesBuildPhase section */
		790CE8521AFB2306007EF8B1 /* Sources */ = {
			isa = PBXSourcesBuildPhase;
			buildActionMask = 2147483647;
			files = (
				790CE85E1AFB2306007EF8B1 /* ViewController.swift in Sources */,
				790CE87C1AFB232B007EF8B1 /* OpenInChromeController.swift in Sources */,
				790CE85C1AFB2306007EF8B1 /* AppDelegate.swift in Sources */,
			);
			runOnlyForDeploymentPostprocessing = 0;
		};
/* End PBXSourcesBuildPhase section */

/* Begin PBXVariantGroup section */
		790CE85F1AFB2306007EF8B1 /* Main.storyboard */ = {
			isa = PBXVariantGroup;
			children = (
				790CE8601AFB2306007EF8B1 /* Base */,
			);
			name = Main.storyboard;
			sourceTree = "<group>";
		};
/* End PBXVariantGroup section */

/* Begin XCBuildConfiguration section */
		790CE8731AFB2306007EF8B1 /* Debug */ = {
			isa = XCBuildConfiguration;
			buildSettings = {
				ALWAYS_SEARCH_USER_PATHS = NO;
				CLANG_CXX_LANGUAGE_STANDARD = "gnu++0x";
				CLANG_CXX_LIBRARY = "libc++";
				CLANG_ENABLE_MODULES = YES;
				CLANG_ENABLE_OBJC_ARC = YES;
				CLANG_WARN_BOOL_CONVERSION = YES;
				CLANG_WARN_CONSTANT_CONVERSION = YES;
				CLANG_WARN_DIRECT_OBJC_ISA_USAGE = YES_ERROR;
				CLANG_WARN_EMPTY_BODY = YES;
				CLANG_WARN_ENUM_CONVERSION = YES;
				CLANG_WARN_INT_CONVERSION = YES;
				CLANG_WARN_OBJC_ROOT_CLASS = YES_ERROR;
				CLANG_WARN_UNREACHABLE_CODE = YES;
				CLANG_WARN__DUPLICATE_METHOD_MATCH = YES;
				"CODE_SIGN_IDENTITY[sdk=iphoneos*]" = "iPhone Developer";
				COPY_PHASE_STRIP = NO;
				DEBUG_INFORMATION_FORMAT = "dwarf-with-dsym";
				ENABLE_STRICT_OBJC_MSGSEND = YES;
				ENABLE_TESTABILITY = YES;
				GCC_C_LANGUAGE_STANDARD = gnu99;
				GCC_DYNAMIC_NO_PIC = NO;
				GCC_NO_COMMON_BLOCKS = YES;
				GCC_OPTIMIZATION_LEVEL = 0;
				GCC_PREPROCESSOR_DEFINITIONS = (
					"DEBUG=1",
					"$(inherited)",
				);
				GCC_SYMBOLS_PRIVATE_EXTERN = NO;
				GCC_WARN_64_TO_32_BIT_CONVERSION = YES;
				GCC_WARN_ABOUT_RETURN_TYPE = YES_ERROR;
				GCC_WARN_UNDECLARED_SELECTOR = YES;
				GCC_WARN_UNINITIALIZED_AUTOS = YES_AGGRESSIVE;
				GCC_WARN_UNUSED_FUNCTION = YES;
				GCC_WARN_UNUSED_VARIABLE = YES;
				IPHONEOS_DEPLOYMENT_TARGET = 8.3;
				MTL_ENABLE_DEBUG_INFO = YES;
				ONLY_ACTIVE_ARCH = YES;
				SDKROOT = iphoneos;
				SWIFT_OPTIMIZATION_LEVEL = "-Onone";
				TARGETED_DEVICE_FAMILY = "1,2";
			};
			name = Debug;
		};
		790CE8741AFB2306007EF8B1 /* Release */ = {
			isa = XCBuildConfiguration;
			buildSettings = {
				ALWAYS_SEARCH_USER_PATHS = NO;
				CLANG_CXX_LANGUAGE_STANDARD = "gnu++0x";
				CLANG_CXX_LIBRARY = "libc++";
				CLANG_ENABLE_MODULES = YES;
				CLANG_ENABLE_OBJC_ARC = YES;
				CLANG_WARN_BOOL_CONVERSION = YES;
				CLANG_WARN_CONSTANT_CONVERSION = YES;
				CLANG_WARN_DIRECT_OBJC_ISA_USAGE = YES_ERROR;
				CLANG_WARN_EMPTY_BODY = YES;
				CLANG_WARN_ENUM_CONVERSION = YES;
				CLANG_WARN_INT_CONVERSION = YES;
				CLANG_WARN_OBJC_ROOT_CLASS = YES_ERROR;
				CLANG_WARN_UNREACHABLE_CODE = YES;
				CLANG_WARN__DUPLICATE_METHOD_MATCH = YES;
				"CODE_SIGN_IDENTITY[sdk=iphoneos*]" = "iPhone Developer";
				COPY_PHASE_STRIP = NO;
				DEBUG_INFORMATION_FORMAT = "dwarf-with-dsym";
				ENABLE_NS_ASSERTIONS = NO;
				ENABLE_STRICT_OBJC_MSGSEND = YES;
				GCC_C_LANGUAGE_STANDARD = gnu99;
				GCC_NO_COMMON_BLOCKS = YES;
				GCC_WARN_64_TO_32_BIT_CONVERSION = YES;
				GCC_WARN_ABOUT_RETURN_TYPE = YES_ERROR;
				GCC_WARN_UNDECLARED_SELECTOR = YES;
				GCC_WARN_UNINITIALIZED_AUTOS = YES_AGGRESSIVE;
				GCC_WARN_UNUSED_FUNCTION = YES;
				GCC_WARN_UNUSED_VARIABLE = YES;
				IPHONEOS_DEPLOYMENT_TARGET = 8.3;
				MTL_ENABLE_DEBUG_INFO = NO;
				SDKROOT = iphoneos;
				TARGETED_DEVICE_FAMILY = "1,2";
				VALIDATE_PRODUCT = YES;
			};
			name = Release;
		};
		790CE8761AFB2306007EF8B1 /* Debug */ = {
			isa = XCBuildConfiguration;
			buildSettings = {
				ASSETCATALOG_COMPILER_APPICON_NAME = AppIcon;
				CODE_SIGN_IDENTITY = "";
				HEADER_SEARCH_PATHS = (
					"$(inherited)",
					/Applications/Xcode.app/Contents/Developer/Toolchains/XcodeDefault.xctoolchain/usr/include,
					"$(SRCROOT)/..",
				);
				INFOPLIST_FILE = OpenInChromeSwiftSample/Info.plist;
				LD_RUNPATH_SEARCH_PATHS = "$(inherited) @executable_path/Frameworks";
				PRODUCT_BUNDLE_IDENTIFIER = "me.ce.$(PRODUCT_NAME:rfc1034identifier)";
				PRODUCT_NAME = "$(TARGET_NAME)";
				PROVISIONING_PROFILE = "";
			};
			name = Debug;
		};
		790CE8771AFB2306007EF8B1 /* Release */ = {
			isa = XCBuildConfiguration;
			buildSettings = {
				ASSETCATALOG_COMPILER_APPICON_NAME = AppIcon;
				"CODE_SIGN_IDENTITY[sdk=iphoneos*]" = "";
				HEADER_SEARCH_PATHS = (
					"$(inherited)",
					/Applications/Xcode.app/Contents/Developer/Toolchains/XcodeDefault.xctoolchain/usr/include,
					"$(SRCROOT)/..",
				);
				INFOPLIST_FILE = OpenInChromeSwiftSample/Info.plist;
				LD_RUNPATH_SEARCH_PATHS = "$(inherited) @executable_path/Frameworks";
				PRODUCT_BUNDLE_IDENTIFIER = "me.ce.$(PRODUCT_NAME:rfc1034identifier)";
				PRODUCT_NAME = "$(TARGET_NAME)";
				PROVISIONING_PROFILE = "";
			};
			name = Release;
		};
/* End XCBuildConfiguration section */

/* Begin XCConfigurationList section */
		790CE8511AFB2306007EF8B1 /* Build configuration list for PBXProject "OpenInChromeSwiftSample" */ = {
			isa = XCConfigurationList;
			buildConfigurations = (
				790CE8731AFB2306007EF8B1 /* Debug */,
				790CE8741AFB2306007EF8B1 /* Release */,
			);
			defaultConfigurationIsVisible = 0;
			defaultConfigurationName = Release;
		};
		790CE8751AFB2306007EF8B1 /* Build configuration list for PBXNativeTarget "OpenInChromeSwiftSample" */ = {
			isa = XCConfigurationList;
			buildConfigurations = (
				790CE8761AFB2306007EF8B1 /* Debug */,
				790CE8771AFB2306007EF8B1 /* Release */,
			);
			defaultConfigurationIsVisible = 0;
			defaultConfigurationName = Release;
		};
/* End XCConfigurationList section */
	};
	rootObject = 790CE84E1AFB2306007EF8B1 /* Project object */;
}
